
Microsoft Visual Studio Solution File, Format Version 12.00
# Visual Studio Version 17
VisualStudioVersion = 17.12.35527.113
MinimumVisualStudioVersion = 10.0.40219.1
Project("{FAE04EC0-301F-11D3-BF4B-00C04F79EFBC}") = "Assgnment_1", "Assgnment_1\Assgnment_1.csproj", "{B1B73E20-0CAE-44C1-8A53-5F2F5E5117E1}"
EndProject
Project("{FAE04EC0-301F-11D3-BF4B-00C04F79EFBC}") = "Assignment_2", "Assignment_2\Assignment_2.csproj", "{6E5AE108-7AE6-4D9A-B56F-D7FE8FC84ABB}"
EndProject
Global
	GlobalSection(SolutionConfigurationPlatforms) = preSolution
		Debug|Any CPU = Debug|Any CPU
		Release|Any CPU = Release|Any CPU
	EndGlobalSection
	GlobalSection(ProjectConfigurationPlatforms) = postSolution
		{B1B73E20-0CAE-44C1-8A53-5F2F5E5117E1}.Debug|Any CPU.ActiveCfg = Debug|Any CPU
		{B1B73E20-0CAE-44C1-8A53-5F2F5E5117E1}.Debug|Any CPU.Build.0 = Debug|Any CPU
		{B1B73E20-0CAE-44C1-8A53-5F2F5E5117E1}.Release|Any CPU.ActiveCfg = Release|Any CPU
		{B1B73E20-0CAE-44C1-8A53-5F2F5E5117E1}.Release|Any CPU.Build.0 = Release|Any CPU
		{6E5AE108-7AE6-4D9A-B56F-D7FE8FC84ABB}.Debug|Any CPU.ActiveCfg = Debug|Any CPU
		{6E5AE108-7AE6-4D9A-B56F-D7FE8FC84ABB}.Debug|Any CPU.Build.0 = Debug|Any CPU
		{6E5AE108-7AE6-4D9A-B56F-D7FE8FC84ABB}.Release|Any CPU.ActiveCfg = Release|Any CPU
		{6E5AE108-7AE6-4D9A-B56F-D7FE8FC84ABB}.Release|Any CPU.Build.0 = Release|Any CPU
	EndGlobalSection
	GlobalSection(SolutionProperties) = preSolution
		HideSolutionNode = FALSE
	EndGlobalSection
EndGlobal
